
Microsoft Visual Studio Solution File, Format Version 12.00
# Visual Studio Version 17
VisualStudioVersion = 17.1.32407.343
MinimumVisualStudioVersion = 10.0.40219.1
Project("{2150E333-8FDC-42A3-9474-1A3956D46DE8}") = "MeetupTime", "MeetupTime", "{51211531-1665-4EAD-8DF4-79E25AD14C53}"
EndProject
Project("{2150E333-8FDC-42A3-9474-1A3956D46DE8}") = "TaskOrganizer", "TaskOrganizer", "{C231D92F-6B59-4571-BB02-F016E96AE9A2}"
EndProject
Project("{2150E333-8FDC-42A3-9474-1A3956D46DE8}") = "MedicPatrol", "MedicPatrol", "{F277D0D3-D228-40C0-AB45-5F8DF2A8EBA0}"
EndProject
Project("{9A19103F-16F7-4668-BE54-9A1E7A4F7556}") = "MeetupTime.API", "MeetupTime\MeetupTime.API\MeetupTime.API.csproj", "{8B9F8305-387F-4091-A661-3FF88F605E65}"
EndProject
Project("{2150E333-8FDC-42A3-9474-1A3956D46DE8}") = "RecordsBook", "RecordsBook", "{C080304A-E6E2-4014-9094-945E46266F5E}"
EndProject
Project("{9A19103F-16F7-4668-BE54-9A1E7A4F7556}") = "RecordsBook.API", "RecordsBook\RecordsBook.API\RecordsBook.API.csproj", "{5C84D138-60D1-4A26-AFC7-958A1AFD0C3D}"
EndProject
Project("{00D1A9C2-B5F0-4AF3-8072-F6C62B433612}") = "Database", "RecordsBook\Database\Database.sqlproj", "{E9ABB250-67EC-473A-B6D2-5A42F1D3498D}"
EndProject
Project("{9A19103F-16F7-4668-BE54-9A1E7A4F7556}") = "RecordsBook.DataAccess", "RecordsBook\RecordsBook.DataAccess\RecordsBook.DataAccess.csproj", "{BD047C07-A0D7-421B-B67B-616C4D6E2A11}"
EndProject
Project("{2150E333-8FDC-42A3-9474-1A3956D46DE8}") = "Solution Items", "Solution Items", "{83FCD240-C34A-4A96-8EDA-01365ADEF9B4}"
	ProjectSection(SolutionItems) = preProject
		.editorconfig = .editorconfig
	EndProjectSection
EndProject
Project("{2150E333-8FDC-42A3-9474-1A3956D46DE8}") = "FactoryPattern", "FactoryPattern", "{EAD5FAE5-3C2A-4644-B2A8-C1DC4CBA305A}"
EndProject
Project("{9A19103F-16F7-4668-BE54-9A1E7A4F7556}") = "FactoryPatternApp", "FactoryPattern\FactoryPatternApp\FactoryPatternApp.csproj", "{BF09C079-3A8D-47A9-A386-CD05AAB60550}"
EndProject
Project("{2150E333-8FDC-42A3-9474-1A3956D46DE8}") = "GRPC", "GRPC", "{68002B14-B5C4-4E8A-AE65-23661F109CFA}"
EndProject
Project("{FAE04EC0-301F-11D3-BF4B-00C04F79EFBC}") = "GrpcServer", "GRPC\GrpcServer\GrpcServer.csproj", "{D39DDAB6-CFAF-436E-95ED-09DA2A07EA8E}"
EndProject
Project("{FAE04EC0-301F-11D3-BF4B-00C04F79EFBC}") = "GrpcClient", "GRPC\GrpcClient\GrpcClient.csproj", "{1C67BB33-31F6-46AE-878B-5286673BA8A0}"
EndProject
Global
	GlobalSection(SolutionConfigurationPlatforms) = preSolution
		Debug|Any CPU = Debug|Any CPU
		Release|Any CPU = Release|Any CPU
	EndGlobalSection
	GlobalSection(ProjectConfigurationPlatforms) = postSolution
		{8B9F8305-387F-4091-A661-3FF88F605E65}.Debug|Any CPU.ActiveCfg = Debug|Any CPU
		{8B9F8305-387F-4091-A661-3FF88F605E65}.Debug|Any CPU.Build.0 = Debug|Any CPU
		{8B9F8305-387F-4091-A661-3FF88F605E65}.Release|Any CPU.ActiveCfg = Release|Any CPU
		{8B9F8305-387F-4091-A661-3FF88F605E65}.Release|Any CPU.Build.0 = Release|Any CPU
		{5C84D138-60D1-4A26-AFC7-958A1AFD0C3D}.Debug|Any CPU.ActiveCfg = Debug|Any CPU
		{5C84D138-60D1-4A26-AFC7-958A1AFD0C3D}.Debug|Any CPU.Build.0 = Debug|Any CPU
		{5C84D138-60D1-4A26-AFC7-958A1AFD0C3D}.Release|Any CPU.ActiveCfg = Release|Any CPU
		{5C84D138-60D1-4A26-AFC7-958A1AFD0C3D}.Release|Any CPU.Build.0 = Release|Any CPU
		{E9ABB250-67EC-473A-B6D2-5A42F1D3498D}.Debug|Any CPU.ActiveCfg = Debug|Any CPU
		{E9ABB250-67EC-473A-B6D2-5A42F1D3498D}.Debug|Any CPU.Build.0 = Debug|Any CPU
		{E9ABB250-67EC-473A-B6D2-5A42F1D3498D}.Debug|Any CPU.Deploy.0 = Debug|Any CPU
		{E9ABB250-67EC-473A-B6D2-5A42F1D3498D}.Release|Any CPU.ActiveCfg = Release|Any CPU
		{E9ABB250-67EC-473A-B6D2-5A42F1D3498D}.Release|Any CPU.Build.0 = Release|Any CPU
		{E9ABB250-67EC-473A-B6D2-5A42F1D3498D}.Release|Any CPU.Deploy.0 = Release|Any CPU
		{BD047C07-A0D7-421B-B67B-616C4D6E2A11}.Debug|Any CPU.ActiveCfg = Debug|Any CPU
		{BD047C07-A0D7-421B-B67B-616C4D6E2A11}.Debug|Any CPU.Build.0 = Debug|Any CPU
		{BD047C07-A0D7-421B-B67B-616C4D6E2A11}.Release|Any CPU.ActiveCfg = Release|Any CPU
		{BD047C07-A0D7-421B-B67B-616C4D6E2A11}.Release|Any CPU.Build.0 = Release|Any CPU
		{BF09C079-3A8D-47A9-A386-CD05AAB60550}.Debug|Any CPU.ActiveCfg = Debug|Any CPU
		{BF09C079-3A8D-47A9-A386-CD05AAB60550}.Debug|Any CPU.Build.0 = Debug|Any CPU
		{BF09C079-3A8D-47A9-A386-CD05AAB60550}.Release|Any CPU.ActiveCfg = Release|Any CPU
		{BF09C079-3A8D-47A9-A386-CD05AAB60550}.Release|Any CPU.Build.0 = Release|Any CPU
		{D39DDAB6-CFAF-436E-95ED-09DA2A07EA8E}.Debug|Any CPU.ActiveCfg = Debug|Any CPU
		{D39DDAB6-CFAF-436E-95ED-09DA2A07EA8E}.Debug|Any CPU.Build.0 = Debug|Any CPU
		{D39DDAB6-CFAF-436E-95ED-09DA2A07EA8E}.Release|Any CPU.ActiveCfg = Release|Any CPU
		{D39DDAB6-CFAF-436E-95ED-09DA2A07EA8E}.Release|Any CPU.Build.0 = Release|Any CPU
		{1C67BB33-31F6-46AE-878B-5286673BA8A0}.Debug|Any CPU.ActiveCfg = Debug|Any CPU
		{1C67BB33-31F6-46AE-878B-5286673BA8A0}.Debug|Any CPU.Build.0 = Debug|Any CPU
		{1C67BB33-31F6-46AE-878B-5286673BA8A0}.Release|Any CPU.ActiveCfg = Release|Any CPU
		{1C67BB33-31F6-46AE-878B-5286673BA8A0}.Release|Any CPU.Build.0 = Release|Any CPU
	EndGlobalSection
	GlobalSection(SolutionProperties) = preSolution
		HideSolutionNode = FALSE
	EndGlobalSection
	GlobalSection(NestedProjects) = preSolution
		{8B9F8305-387F-4091-A661-3FF88F605E65} = {51211531-1665-4EAD-8DF4-79E25AD14C53}
		{5C84D138-60D1-4A26-AFC7-958A1AFD0C3D} = {C080304A-E6E2-4014-9094-945E46266F5E}
		{E9ABB250-67EC-473A-B6D2-5A42F1D3498D} = {C080304A-E6E2-4014-9094-945E46266F5E}
		{BD047C07-A0D7-421B-B67B-616C4D6E2A11} = {C080304A-E6E2-4014-9094-945E46266F5E}
		{BF09C079-3A8D-47A9-A386-CD05AAB60550} = {EAD5FAE5-3C2A-4644-B2A8-C1DC4CBA305A}
		{D39DDAB6-CFAF-436E-95ED-09DA2A07EA8E} = {68002B14-B5C4-4E8A-AE65-23661F109CFA}
		{1C67BB33-31F6-46AE-878B-5286673BA8A0} = {68002B14-B5C4-4E8A-AE65-23661F109CFA}
	EndGlobalSection
	GlobalSection(ExtensibilityGlobals) = postSolution
		SolutionGuid = {4BFE7FDB-071D-4ADC-A3A8-8DB2D5B52A03}
	EndGlobalSection
EndGlobal
