
Microsoft Visual Studio Solution File, Format Version 12.00
# Visual Studio Version 17
VisualStudioVersion = 17.1.32407.343
MinimumVisualStudioVersion = 10.0.40219.1
Project("{2150E333-8FDC-42A3-9474-1A3956D46DE8}") = "MeetupTime", "MeetupTime", "{51211531-1665-4EAD-8DF4-79E25AD14C53}"
EndProject
Project("{2150E333-8FDC-42A3-9474-1A3956D46DE8}") = "TaskOrganizer", "TaskOrganizer", "{C231D92F-6B59-4571-BB02-F016E96AE9A2}"
EndProject
Project("{2150E333-8FDC-42A3-9474-1A3956D46DE8}") = "MedicPatrol", "MedicPatrol", "{F277D0D3-D228-40C0-AB45-5F8DF2A8EBA0}"
EndProject
Project("{9A19103F-16F7-4668-BE54-9A1E7A4F7556}") = "MeetupTime.API", "MeetupTime\MeetupTime.API\MeetupTime.API.csproj", "{8B9F8305-387F-4091-A661-3FF88F605E65}"
EndProject
Project("{2150E333-8FDC-42A3-9474-1A3956D46DE8}") = "RecordsBook", "RecordsBook", "{C080304A-E6E2-4014-9094-945E46266F5E}"
EndProject
Project("{9A19103F-16F7-4668-BE54-9A1E7A4F7556}") = "RecordsBook.API", "RecordsBook\RecordsBook.API\RecordsBook.API.csproj", "{5C84D138-60D1-4A26-AFC7-958A1AFD0C3D}"
EndProject
Project("{00D1A9C2-B5F0-4AF3-8072-F6C62B433612}") = "Database", "RecordsBook\Database\Database.sqlproj", "{E9ABB250-67EC-473A-B6D2-5A42F1D3498D}"
EndProject
Project("{9A19103F-16F7-4668-BE54-9A1E7A4F7556}") = "RecordsBook.DataAccess", "RecordsBook\RecordsBook.DataAccess\RecordsBook.DataAccess.csproj", "{BD047C07-A0D7-421B-B67B-616C4D6E2A11}"
EndProject
Project("{2150E333-8FDC-42A3-9474-1A3956D46DE8}") = "Solution Items", "Solution Items", "{83FCD240-C34A-4A96-8EDA-01365ADEF9B4}"
	ProjectSection(SolutionItems) = preProject
		.editorconfig = .editorconfig
	EndProjectSection
EndProject
Project("{2150E333-8FDC-42A3-9474-1A3956D46DE8}") = "FactoryPattern", "FactoryPattern", "{EAD5FAE5-3C2A-4644-B2A8-C1DC4CBA305A}"
EndProject
Project("{9A19103F-16F7-4668-BE54-9A1E7A4F7556}") = "FactoryPatternApp", "FactoryPattern\FactoryPatternApp\FactoryPatternApp.csproj", "{BF09C079-3A8D-47A9-A386-CD05AAB60550}"
EndProject
Project("{2150E333-8FDC-42A3-9474-1A3956D46DE8}") = "GRPC", "GRPC", "{68002B14-B5C4-4E8A-AE65-23661F109CFA}"
EndProject
Project("{9A19103F-16F7-4668-BE54-9A1E7A4F7556}") = "GrpcServer", "GRPC\GrpcServer\GrpcServer.csproj", "{D39DDAB6-CFAF-436E-95ED-09DA2A07EA8E}"
EndProject
Project("{9A19103F-16F7-4668-BE54-9A1E7A4F7556}") = "GrpcClient", "GRPC\GrpcClient\GrpcClient.csproj", "{1C67BB33-31F6-46AE-878B-5286673BA8A0}"
EndProject
Project("{2150E333-8FDC-42A3-9474-1A3956D46DE8}") = "Chat", "Chat", "{48706907-EFAE-4E9A-B544-BA65FDE4DE0E}"
EndProject
Project("{9A19103F-16F7-4668-BE54-9A1E7A4F7556}") = "BlazorChat.Server", "Chat\BlazorChat\Server\BlazorChat.Server.csproj", "{AD866604-7ECF-4C52-A09D-7BE5ACA59E08}"
EndProject
Project("{9A19103F-16F7-4668-BE54-9A1E7A4F7556}") = "BlazorChat.Client", "Chat\BlazorChat\Client\BlazorChat.Client.csproj", "{BA995968-2398-4C0B-84D9-942473F0537B}"
EndProject
Project("{9A19103F-16F7-4668-BE54-9A1E7A4F7556}") = "BlazorChat.Shared", "Chat\BlazorChat\Shared\BlazorChat.Shared.csproj", "{A6A8FDDB-19FB-4893-A982-3B2274C06E72}"
EndProject
Project("{2150E333-8FDC-42A3-9474-1A3956D46DE8}") = "BlaShop", "BlaShop", "{DB884F8A-AF32-4988-AC1A-6B5E891EA7E6}"
EndProject
Project("{9A19103F-16F7-4668-BE54-9A1E7A4F7556}") = "BlaShop", "BlaShop\BlaShop\BlaShop.csproj", "{05A40157-3A57-425C-8907-8B055BC8561E}"
EndProject
Project("{9A19103F-16F7-4668-BE54-9A1E7A4F7556}") = "BlaShop.CoreBusiness", "BlaShop\BlaShop.CoreBusiness\BlaShop.CoreBusiness.csproj", "{53039E1E-5408-4537-8B5D-ACB8A06EB91B}"
EndProject
Project("{9A19103F-16F7-4668-BE54-9A1E7A4F7556}") = "BlaShop.UseCases", "BlaShop\BlaShop.UseCases\BlaShop.UseCases.csproj", "{E1455EB3-28D9-401D-BA18-F64F1DC96F30}"
EndProject
Project("{9A19103F-16F7-4668-BE54-9A1E7A4F7556}") = "BlaShop.DataStore", "BlaShop\BlaShop.DataStore\BlaShop.DataStore.csproj", "{A38C3D35-B2BC-4B4A-BA17-86B3D8520A29}"
EndProject
Project("{2150E333-8FDC-42A3-9474-1A3956D46DE8}") = "HRLeaveManagement", "HRLeaveManagement", "{8EE3895A-0003-48D5-9998-577A9F398810}"
EndProject
Project("{2150E333-8FDC-42A3-9474-1A3956D46DE8}") = "Source", "Source", "{B6F16A27-F8EA-4D60-8B2E-60252F41AB7E}"
EndProject
Project("{2150E333-8FDC-42A3-9474-1A3956D46DE8}") = "Test", "Test", "{663378F3-5DE7-4718-8E12-A4C87EFB3A11}"
EndProject
Project("{2150E333-8FDC-42A3-9474-1A3956D46DE8}") = "API", "API", "{EB62CE98-F08D-489C-B4F5-8140E2B57DC5}"
EndProject
Project("{2150E333-8FDC-42A3-9474-1A3956D46DE8}") = "Core", "Core", "{873CB63F-D411-40FD-8E60-E2E31498BED8}"
EndProject
Project("{2150E333-8FDC-42A3-9474-1A3956D46DE8}") = "Infrastructure", "Infrastructure", "{4A84B555-8C5C-4196-A8FC-CBC5B6B02FAF}"
EndProject
Project("{2150E333-8FDC-42A3-9474-1A3956D46DE8}") = "UI", "UI", "{A5A93D9F-F919-4418-AD6A-44057C2C00E9}"
EndProject
Project("{9A19103F-16F7-4668-BE54-9A1E7A4F7556}") = "HR.LeaveManagement.Core", "HRLeaveManagement\Source\HR.LeaveManagement.Core\HR.LeaveManagement.Core.csproj", "{74393883-6AAA-4A3C-ACE5-33B524A1F78A}"
EndProject
Project("{9A19103F-16F7-4668-BE54-9A1E7A4F7556}") = "HR.LeaveManagement.Application", "HRLeaveManagement\Source\HR.LeaveManagement.Application\HR.LeaveManagement.Application.csproj", "{A3CFF5AD-03AF-43CB-B115-1C75296B6AC9}"
EndProject
Project("{9A19103F-16F7-4668-BE54-9A1E7A4F7556}") = "HR.LeaveManagement.Persistence", "HRLeaveManagement\Source\HR.LeaveManagement.Persistance\HR.LeaveManagement.Persistence.csproj", "{DB0D65FE-E64A-45F2-BB73-5DC8A5504B7B}"
EndProject
Project("{FAE04EC0-301F-11D3-BF4B-00C04F79EFBC}") = "HR.LeaveManagement.Infrastructure", "HRLeaveManagement\Source\HR.LeaveManagement.Infrastructure\HR.LeaveManagement.Infrastructure.csproj", "{1E247E64-E1C7-4B8E-B29B-BFD0D237BEF4}"
EndProject
Global
	GlobalSection(SolutionConfigurationPlatforms) = preSolution
		Debug|Any CPU = Debug|Any CPU
		Release|Any CPU = Release|Any CPU
	EndGlobalSection
	GlobalSection(ProjectConfigurationPlatforms) = postSolution
		{8B9F8305-387F-4091-A661-3FF88F605E65}.Debug|Any CPU.ActiveCfg = Debug|Any CPU
		{8B9F8305-387F-4091-A661-3FF88F605E65}.Debug|Any CPU.Build.0 = Debug|Any CPU
		{8B9F8305-387F-4091-A661-3FF88F605E65}.Release|Any CPU.ActiveCfg = Release|Any CPU
		{8B9F8305-387F-4091-A661-3FF88F605E65}.Release|Any CPU.Build.0 = Release|Any CPU
		{5C84D138-60D1-4A26-AFC7-958A1AFD0C3D}.Debug|Any CPU.ActiveCfg = Debug|Any CPU
		{5C84D138-60D1-4A26-AFC7-958A1AFD0C3D}.Debug|Any CPU.Build.0 = Debug|Any CPU
		{5C84D138-60D1-4A26-AFC7-958A1AFD0C3D}.Release|Any CPU.ActiveCfg = Release|Any CPU
		{5C84D138-60D1-4A26-AFC7-958A1AFD0C3D}.Release|Any CPU.Build.0 = Release|Any CPU
		{E9ABB250-67EC-473A-B6D2-5A42F1D3498D}.Debug|Any CPU.ActiveCfg = Debug|Any CPU
		{E9ABB250-67EC-473A-B6D2-5A42F1D3498D}.Debug|Any CPU.Build.0 = Debug|Any CPU
		{E9ABB250-67EC-473A-B6D2-5A42F1D3498D}.Debug|Any CPU.Deploy.0 = Debug|Any CPU
		{E9ABB250-67EC-473A-B6D2-5A42F1D3498D}.Release|Any CPU.ActiveCfg = Release|Any CPU
		{E9ABB250-67EC-473A-B6D2-5A42F1D3498D}.Release|Any CPU.Build.0 = Release|Any CPU
		{E9ABB250-67EC-473A-B6D2-5A42F1D3498D}.Release|Any CPU.Deploy.0 = Release|Any CPU
		{BD047C07-A0D7-421B-B67B-616C4D6E2A11}.Debug|Any CPU.ActiveCfg = Debug|Any CPU
		{BD047C07-A0D7-421B-B67B-616C4D6E2A11}.Debug|Any CPU.Build.0 = Debug|Any CPU
		{BD047C07-A0D7-421B-B67B-616C4D6E2A11}.Release|Any CPU.ActiveCfg = Release|Any CPU
		{BD047C07-A0D7-421B-B67B-616C4D6E2A11}.Release|Any CPU.Build.0 = Release|Any CPU
		{BF09C079-3A8D-47A9-A386-CD05AAB60550}.Debug|Any CPU.ActiveCfg = Debug|Any CPU
		{BF09C079-3A8D-47A9-A386-CD05AAB60550}.Debug|Any CPU.Build.0 = Debug|Any CPU
		{BF09C079-3A8D-47A9-A386-CD05AAB60550}.Release|Any CPU.ActiveCfg = Release|Any CPU
		{BF09C079-3A8D-47A9-A386-CD05AAB60550}.Release|Any CPU.Build.0 = Release|Any CPU
		{D39DDAB6-CFAF-436E-95ED-09DA2A07EA8E}.Debug|Any CPU.ActiveCfg = Debug|Any CPU
		{D39DDAB6-CFAF-436E-95ED-09DA2A07EA8E}.Debug|Any CPU.Build.0 = Debug|Any CPU
		{D39DDAB6-CFAF-436E-95ED-09DA2A07EA8E}.Release|Any CPU.ActiveCfg = Release|Any CPU
		{D39DDAB6-CFAF-436E-95ED-09DA2A07EA8E}.Release|Any CPU.Build.0 = Release|Any CPU
		{1C67BB33-31F6-46AE-878B-5286673BA8A0}.Debug|Any CPU.ActiveCfg = Debug|Any CPU
		{1C67BB33-31F6-46AE-878B-5286673BA8A0}.Debug|Any CPU.Build.0 = Debug|Any CPU
		{1C67BB33-31F6-46AE-878B-5286673BA8A0}.Release|Any CPU.ActiveCfg = Release|Any CPU
		{1C67BB33-31F6-46AE-878B-5286673BA8A0}.Release|Any CPU.Build.0 = Release|Any CPU
		{AD866604-7ECF-4C52-A09D-7BE5ACA59E08}.Debug|Any CPU.ActiveCfg = Debug|Any CPU
		{AD866604-7ECF-4C52-A09D-7BE5ACA59E08}.Debug|Any CPU.Build.0 = Debug|Any CPU
		{AD866604-7ECF-4C52-A09D-7BE5ACA59E08}.Release|Any CPU.ActiveCfg = Release|Any CPU
		{AD866604-7ECF-4C52-A09D-7BE5ACA59E08}.Release|Any CPU.Build.0 = Release|Any CPU
		{BA995968-2398-4C0B-84D9-942473F0537B}.Debug|Any CPU.ActiveCfg = Debug|Any CPU
		{BA995968-2398-4C0B-84D9-942473F0537B}.Debug|Any CPU.Build.0 = Debug|Any CPU
		{BA995968-2398-4C0B-84D9-942473F0537B}.Release|Any CPU.ActiveCfg = Release|Any CPU
		{BA995968-2398-4C0B-84D9-942473F0537B}.Release|Any CPU.Build.0 = Release|Any CPU
		{A6A8FDDB-19FB-4893-A982-3B2274C06E72}.Debug|Any CPU.ActiveCfg = Debug|Any CPU
		{A6A8FDDB-19FB-4893-A982-3B2274C06E72}.Debug|Any CPU.Build.0 = Debug|Any CPU
		{A6A8FDDB-19FB-4893-A982-3B2274C06E72}.Release|Any CPU.ActiveCfg = Release|Any CPU
		{A6A8FDDB-19FB-4893-A982-3B2274C06E72}.Release|Any CPU.Build.0 = Release|Any CPU
		{05A40157-3A57-425C-8907-8B055BC8561E}.Debug|Any CPU.ActiveCfg = Debug|Any CPU
		{05A40157-3A57-425C-8907-8B055BC8561E}.Debug|Any CPU.Build.0 = Debug|Any CPU
		{05A40157-3A57-425C-8907-8B055BC8561E}.Release|Any CPU.ActiveCfg = Release|Any CPU
		{05A40157-3A57-425C-8907-8B055BC8561E}.Release|Any CPU.Build.0 = Release|Any CPU
		{53039E1E-5408-4537-8B5D-ACB8A06EB91B}.Debug|Any CPU.ActiveCfg = Debug|Any CPU
		{53039E1E-5408-4537-8B5D-ACB8A06EB91B}.Debug|Any CPU.Build.0 = Debug|Any CPU
		{53039E1E-5408-4537-8B5D-ACB8A06EB91B}.Release|Any CPU.ActiveCfg = Release|Any CPU
		{53039E1E-5408-4537-8B5D-ACB8A06EB91B}.Release|Any CPU.Build.0 = Release|Any CPU
		{E1455EB3-28D9-401D-BA18-F64F1DC96F30}.Debug|Any CPU.ActiveCfg = Debug|Any CPU
		{E1455EB3-28D9-401D-BA18-F64F1DC96F30}.Debug|Any CPU.Build.0 = Debug|Any CPU
		{E1455EB3-28D9-401D-BA18-F64F1DC96F30}.Release|Any CPU.ActiveCfg = Release|Any CPU
		{E1455EB3-28D9-401D-BA18-F64F1DC96F30}.Release|Any CPU.Build.0 = Release|Any CPU
		{A38C3D35-B2BC-4B4A-BA17-86B3D8520A29}.Debug|Any CPU.ActiveCfg = Debug|Any CPU
		{A38C3D35-B2BC-4B4A-BA17-86B3D8520A29}.Debug|Any CPU.Build.0 = Debug|Any CPU
		{A38C3D35-B2BC-4B4A-BA17-86B3D8520A29}.Release|Any CPU.ActiveCfg = Release|Any CPU
		{A38C3D35-B2BC-4B4A-BA17-86B3D8520A29}.Release|Any CPU.Build.0 = Release|Any CPU
		{74393883-6AAA-4A3C-ACE5-33B524A1F78A}.Debug|Any CPU.ActiveCfg = Debug|Any CPU
		{74393883-6AAA-4A3C-ACE5-33B524A1F78A}.Debug|Any CPU.Build.0 = Debug|Any CPU
		{74393883-6AAA-4A3C-ACE5-33B524A1F78A}.Release|Any CPU.ActiveCfg = Release|Any CPU
		{74393883-6AAA-4A3C-ACE5-33B524A1F78A}.Release|Any CPU.Build.0 = Release|Any CPU
		{A3CFF5AD-03AF-43CB-B115-1C75296B6AC9}.Debug|Any CPU.ActiveCfg = Debug|Any CPU
		{A3CFF5AD-03AF-43CB-B115-1C75296B6AC9}.Debug|Any CPU.Build.0 = Debug|Any CPU
		{A3CFF5AD-03AF-43CB-B115-1C75296B6AC9}.Release|Any CPU.ActiveCfg = Release|Any CPU
		{A3CFF5AD-03AF-43CB-B115-1C75296B6AC9}.Release|Any CPU.Build.0 = Release|Any CPU
		{DB0D65FE-E64A-45F2-BB73-5DC8A5504B7B}.Debug|Any CPU.ActiveCfg = Debug|Any CPU
		{DB0D65FE-E64A-45F2-BB73-5DC8A5504B7B}.Debug|Any CPU.Build.0 = Debug|Any CPU
		{DB0D65FE-E64A-45F2-BB73-5DC8A5504B7B}.Release|Any CPU.ActiveCfg = Release|Any CPU
		{DB0D65FE-E64A-45F2-BB73-5DC8A5504B7B}.Release|Any CPU.Build.0 = Release|Any CPU
		{1E247E64-E1C7-4B8E-B29B-BFD0D237BEF4}.Debug|Any CPU.ActiveCfg = Debug|Any CPU
		{1E247E64-E1C7-4B8E-B29B-BFD0D237BEF4}.Debug|Any CPU.Build.0 = Debug|Any CPU
		{1E247E64-E1C7-4B8E-B29B-BFD0D237BEF4}.Release|Any CPU.ActiveCfg = Release|Any CPU
		{1E247E64-E1C7-4B8E-B29B-BFD0D237BEF4}.Release|Any CPU.Build.0 = Release|Any CPU
	EndGlobalSection
	GlobalSection(SolutionProperties) = preSolution
		HideSolutionNode = FALSE
	EndGlobalSection
	GlobalSection(NestedProjects) = preSolution
		{8B9F8305-387F-4091-A661-3FF88F605E65} = {51211531-1665-4EAD-8DF4-79E25AD14C53}
		{5C84D138-60D1-4A26-AFC7-958A1AFD0C3D} = {C080304A-E6E2-4014-9094-945E46266F5E}
		{E9ABB250-67EC-473A-B6D2-5A42F1D3498D} = {C080304A-E6E2-4014-9094-945E46266F5E}
		{BD047C07-A0D7-421B-B67B-616C4D6E2A11} = {C080304A-E6E2-4014-9094-945E46266F5E}
		{BF09C079-3A8D-47A9-A386-CD05AAB60550} = {EAD5FAE5-3C2A-4644-B2A8-C1DC4CBA305A}
		{D39DDAB6-CFAF-436E-95ED-09DA2A07EA8E} = {68002B14-B5C4-4E8A-AE65-23661F109CFA}
		{1C67BB33-31F6-46AE-878B-5286673BA8A0} = {68002B14-B5C4-4E8A-AE65-23661F109CFA}
		{AD866604-7ECF-4C52-A09D-7BE5ACA59E08} = {48706907-EFAE-4E9A-B544-BA65FDE4DE0E}
		{BA995968-2398-4C0B-84D9-942473F0537B} = {48706907-EFAE-4E9A-B544-BA65FDE4DE0E}
		{A6A8FDDB-19FB-4893-A982-3B2274C06E72} = {48706907-EFAE-4E9A-B544-BA65FDE4DE0E}
		{05A40157-3A57-425C-8907-8B055BC8561E} = {DB884F8A-AF32-4988-AC1A-6B5E891EA7E6}
		{53039E1E-5408-4537-8B5D-ACB8A06EB91B} = {DB884F8A-AF32-4988-AC1A-6B5E891EA7E6}
		{E1455EB3-28D9-401D-BA18-F64F1DC96F30} = {DB884F8A-AF32-4988-AC1A-6B5E891EA7E6}
		{A38C3D35-B2BC-4B4A-BA17-86B3D8520A29} = {DB884F8A-AF32-4988-AC1A-6B5E891EA7E6}
		{B6F16A27-F8EA-4D60-8B2E-60252F41AB7E} = {8EE3895A-0003-48D5-9998-577A9F398810}
		{663378F3-5DE7-4718-8E12-A4C87EFB3A11} = {8EE3895A-0003-48D5-9998-577A9F398810}
		{EB62CE98-F08D-489C-B4F5-8140E2B57DC5} = {B6F16A27-F8EA-4D60-8B2E-60252F41AB7E}
		{873CB63F-D411-40FD-8E60-E2E31498BED8} = {B6F16A27-F8EA-4D60-8B2E-60252F41AB7E}
		{4A84B555-8C5C-4196-A8FC-CBC5B6B02FAF} = {B6F16A27-F8EA-4D60-8B2E-60252F41AB7E}
		{A5A93D9F-F919-4418-AD6A-44057C2C00E9} = {B6F16A27-F8EA-4D60-8B2E-60252F41AB7E}
		{74393883-6AAA-4A3C-ACE5-33B524A1F78A} = {873CB63F-D411-40FD-8E60-E2E31498BED8}
		{A3CFF5AD-03AF-43CB-B115-1C75296B6AC9} = {873CB63F-D411-40FD-8E60-E2E31498BED8}
		{DB0D65FE-E64A-45F2-BB73-5DC8A5504B7B} = {4A84B555-8C5C-4196-A8FC-CBC5B6B02FAF}
		{1E247E64-E1C7-4B8E-B29B-BFD0D237BEF4} = {4A84B555-8C5C-4196-A8FC-CBC5B6B02FAF}
	EndGlobalSection
	GlobalSection(ExtensibilityGlobals) = postSolution
		SolutionGuid = {4BFE7FDB-071D-4ADC-A3A8-8DB2D5B52A03}
	EndGlobalSection
EndGlobal
